{
  "name": "shamirs",
  "version": "1.0.0",
  "lockfileVersion": 2,
  "requires": true,
  "packages": {
    "": {
      "version": "1.0.0",
      "license": "ISC",
      "dependencies": {
        "shamirs-secret-sharing": "^1.0.1"
      }
    },
    "node_modules/shamirs-secret-sharing": {
      "version": "1.0.1",
      "resolved": "https://registry.npmjs.org/shamirs-secret-sharing/-/shamirs-secret-sharing-1.0.1.tgz",
      "integrity": "sha512-+sbTZJfis6EtDZTgkf0gSUahXDDuFRY8GK0DUw0lXqMDN54a5ywLD6D2sab45AA2SLQxTS4gB0kUmelNVaPVlA=="
    }
  },
  "dependencies": {
    "shamirs-secret-sharing": {
      "version": "1.0.1",
      "resolved": "https://registry.npmjs.org/shamirs-secret-sharing/-/shamirs-secret-sharing-1.0.1.tgz",
      "integrity": "sha512-+sbTZJfis6EtDZTgkf0gSUahXDDuFRY8GK0DUw0lXqMDN54a5ywLD6D2sab45AA2SLQxTS4gB0kUmelNVaPVlA=="
    }
  }
}
